
Microsoft Visual Studio Solution File, Format Version 12.00
# Visual Studio Version 17
VisualStudioVersion = 17.10.34928.147
MinimumVisualStudioVersion = 10.0.40219.1
Project("{9A19103F-16F7-4668-BE54-9A1E7A4F7556}") = "BookApp", "BookApp\BookApp.csproj", "{F254E975-0A4D-491B-9BED-4F60BFC8A3FB}"
EndProject
Project("{FAE04EC0-301F-11D3-BF4B-00C04F79EFBC}") = "Data", "Data\Data.csproj", "{04FC2CAC-69ED-4DB5-B8DE-9E099212A91C}"
EndProject
Project("{FAE04EC0-301F-11D3-BF4B-00C04F79EFBC}") = "Domain", "Domain\Domain.csproj", "{F86AE366-9133-4F9C-AC69-58C880962B43}"
EndProject
Global
	GlobalSection(SolutionConfigurationPlatforms) = preSolution
		Debug|Any CPU = Debug|Any CPU
		Release|Any CPU = Release|Any CPU
	EndGlobalSection
	GlobalSection(ProjectConfigurationPlatforms) = postSolution
		{F254E975-0A4D-491B-9BED-4F60BFC8A3FB}.Debug|Any CPU.ActiveCfg = Debug|Any CPU
		{F254E975-0A4D-491B-9BED-4F60BFC8A3FB}.Debug|Any CPU.Build.0 = Debug|Any CPU
		{F254E975-0A4D-491B-9BED-4F60BFC8A3FB}.Release|Any CPU.ActiveCfg = Release|Any CPU
		{F254E975-0A4D-491B-9BED-4F60BFC8A3FB}.Release|Any CPU.Build.0 = Release|Any CPU
		{04FC2CAC-69ED-4DB5-B8DE-9E099212A91C}.Debug|Any CPU.ActiveCfg = Debug|Any CPU
		{04FC2CAC-69ED-4DB5-B8DE-9E099212A91C}.Debug|Any CPU.Build.0 = Debug|Any CPU
		{04FC2CAC-69ED-4DB5-B8DE-9E099212A91C}.Release|Any CPU.ActiveCfg = Release|Any CPU
		{04FC2CAC-69ED-4DB5-B8DE-9E099212A91C}.Release|Any CPU.Build.0 = Release|Any CPU
		{F86AE366-9133-4F9C-AC69-58C880962B43}.Debug|Any CPU.ActiveCfg = Debug|Any CPU
		{F86AE366-9133-4F9C-AC69-58C880962B43}.Debug|Any CPU.Build.0 = Debug|Any CPU
		{F86AE366-9133-4F9C-AC69-58C880962B43}.Release|Any CPU.ActiveCfg = Release|Any CPU
		{F86AE366-9133-4F9C-AC69-58C880962B43}.Release|Any CPU.Build.0 = Release|Any CPU
	EndGlobalSection
	GlobalSection(SolutionProperties) = preSolution
		HideSolutionNode = FALSE
	EndGlobalSection
	GlobalSection(ExtensibilityGlobals) = postSolution
		SolutionGuid = {DE0307B1-C710-4A8F-9FF5-4546AFFA62FB}
	EndGlobalSection
EndGlobal
